
Microsoft Visual Studio Solution File, Format Version 12.00
# Visual Studio Version 17
VisualStudioVersion = 17.7.34202.233
MinimumVisualStudioVersion = 10.0.40219.1
Project("{2150E333-8FDC-42A3-9474-1A3956D46DE8}") = "src", "src", "{0EB5F80D-F740-4DE9-9945-8BA0E1734888}"
EndProject
Project("{2150E333-8FDC-42A3-9474-1A3956D46DE8}") = "test", "test", "{E52E90F1-6637-4487-BDA1-64CB8443DB79}"
EndProject
Project("{2150E333-8FDC-42A3-9474-1A3956D46DE8}") = "UI", "UI", "{9C30528E-3574-4F13-9E6C-0A349862149C}"
EndProject
Project("{2150E333-8FDC-42A3-9474-1A3956D46DE8}") = "Core", "Core", "{36819692-8245-424A-8D6D-0CBDB02580DA}"
EndProject
Project("{2150E333-8FDC-42A3-9474-1A3956D46DE8}") = "Infrastructure", "Infrastructure", "{C6B56DD0-0B06-4A34-95A4-CFEEF54163A6}"
EndProject
Project("{2150E333-8FDC-42A3-9474-1A3956D46DE8}") = "API", "API", "{B84E4329-7740-480B-93F5-A9C43681E16D}"
EndProject
Project("{9A19103F-16F7-4668-BE54-9A1E7A4F7556}") = "DomainManagement.Domain", "DomainManagement.Domain\DomainManagement.Domain.csproj", "{62AC7444-18F6-451D-9323-D233DBA489A0}"
EndProject
Project("{9A19103F-16F7-4668-BE54-9A1E7A4F7556}") = "DomainManagement.Application", "DomainManagement.Application\DomainManagement.Application.csproj", "{542B12CE-C572-4C07-955F-214EC2A3FDC6}"
EndProject
Project("{9A19103F-16F7-4668-BE54-9A1E7A4F7556}") = "DomainManagement.Persistence", "DomainManagement.Persistence\DomainManagement.Persistence.csproj", "{92E8C74E-66CE-4B31-810E-2A79E53913D5}"
EndProject
Project("{9A19103F-16F7-4668-BE54-9A1E7A4F7556}") = "DomainManagement.Infrastructure", "DomainManagement.Infrastructure\DomainManagement.Infrastructure.csproj", "{84A6F758-DD84-45D1-A820-EEFD83BE98AF}"
EndProject
Project("{9A19103F-16F7-4668-BE54-9A1E7A4F7556}") = "DomainManagement.Api", "DomainManagement.Api\DomainManagement.Api.csproj", "{A4C93E88-4B0B-4952-B709-AB4A48B5D79A}"
EndProject
Project("{9A19103F-16F7-4668-BE54-9A1E7A4F7556}") = "DomainManagment.Application.UnitTests", "DomainManagment.Application.UnitTests\DomainManagment.Application.UnitTests.csproj", "{441FB9E5-2BAA-4272-B337-4B4C8454DA7F}"
EndProject
Project("{9A19103F-16F7-4668-BE54-9A1E7A4F7556}") = "DomainManagement.Persistence.IntegrationTests", "DomainManagement.Persistence.IntegrationTests\DomainManagement.Persistence.IntegrationTests.csproj", "{6D18C01E-3FF2-42F9-85D9-B49FF541FCFA}"
EndProject
Project("{9A19103F-16F7-4668-BE54-9A1E7A4F7556}") = "DomainManagment.BlazorUI", "DomainManagment.BlazorUI\DomainManagment.BlazorUI.csproj", "{B24A7730-8F5B-4D14-A9B3-05BC536FC2B7}"
EndProject
Project("{9A19103F-16F7-4668-BE54-9A1E7A4F7556}") = "DomainManagement.Identity", "DomainManagement.Identity\DomainManagement.Identity.csproj", "{4C28B470-E7D2-4CA1-B5A1-18B62FD196E8}"
EndProject
Global
	GlobalSection(SolutionConfigurationPlatforms) = preSolution
		Debug|Any CPU = Debug|Any CPU
		Release|Any CPU = Release|Any CPU
	EndGlobalSection
	GlobalSection(ProjectConfigurationPlatforms) = postSolution
		{62AC7444-18F6-451D-9323-D233DBA489A0}.Debug|Any CPU.ActiveCfg = Debug|Any CPU
		{62AC7444-18F6-451D-9323-D233DBA489A0}.Debug|Any CPU.Build.0 = Debug|Any CPU
		{62AC7444-18F6-451D-9323-D233DBA489A0}.Release|Any CPU.ActiveCfg = Release|Any CPU
		{62AC7444-18F6-451D-9323-D233DBA489A0}.Release|Any CPU.Build.0 = Release|Any CPU
		{542B12CE-C572-4C07-955F-214EC2A3FDC6}.Debug|Any CPU.ActiveCfg = Debug|Any CPU
		{542B12CE-C572-4C07-955F-214EC2A3FDC6}.Debug|Any CPU.Build.0 = Debug|Any CPU
		{542B12CE-C572-4C07-955F-214EC2A3FDC6}.Release|Any CPU.ActiveCfg = Release|Any CPU
		{542B12CE-C572-4C07-955F-214EC2A3FDC6}.Release|Any CPU.Build.0 = Release|Any CPU
		{92E8C74E-66CE-4B31-810E-2A79E53913D5}.Debug|Any CPU.ActiveCfg = Debug|Any CPU
		{92E8C74E-66CE-4B31-810E-2A79E53913D5}.Debug|Any CPU.Build.0 = Debug|Any CPU
		{92E8C74E-66CE-4B31-810E-2A79E53913D5}.Release|Any CPU.ActiveCfg = Release|Any CPU
		{92E8C74E-66CE-4B31-810E-2A79E53913D5}.Release|Any CPU.Build.0 = Release|Any CPU
		{84A6F758-DD84-45D1-A820-EEFD83BE98AF}.Debug|Any CPU.ActiveCfg = Debug|Any CPU
		{84A6F758-DD84-45D1-A820-EEFD83BE98AF}.Debug|Any CPU.Build.0 = Debug|Any CPU
		{84A6F758-DD84-45D1-A820-EEFD83BE98AF}.Release|Any CPU.ActiveCfg = Release|Any CPU
		{84A6F758-DD84-45D1-A820-EEFD83BE98AF}.Release|Any CPU.Build.0 = Release|Any CPU
		{A4C93E88-4B0B-4952-B709-AB4A48B5D79A}.Debug|Any CPU.ActiveCfg = Debug|Any CPU
		{A4C93E88-4B0B-4952-B709-AB4A48B5D79A}.Debug|Any CPU.Build.0 = Debug|Any CPU
		{A4C93E88-4B0B-4952-B709-AB4A48B5D79A}.Release|Any CPU.ActiveCfg = Release|Any CPU
		{A4C93E88-4B0B-4952-B709-AB4A48B5D79A}.Release|Any CPU.Build.0 = Release|Any CPU
		{441FB9E5-2BAA-4272-B337-4B4C8454DA7F}.Debug|Any CPU.ActiveCfg = Debug|Any CPU
		{441FB9E5-2BAA-4272-B337-4B4C8454DA7F}.Debug|Any CPU.Build.0 = Debug|Any CPU
		{441FB9E5-2BAA-4272-B337-4B4C8454DA7F}.Release|Any CPU.ActiveCfg = Release|Any CPU
		{441FB9E5-2BAA-4272-B337-4B4C8454DA7F}.Release|Any CPU.Build.0 = Release|Any CPU
		{6D18C01E-3FF2-42F9-85D9-B49FF541FCFA}.Debug|Any CPU.ActiveCfg = Debug|Any CPU
		{6D18C01E-3FF2-42F9-85D9-B49FF541FCFA}.Debug|Any CPU.Build.0 = Debug|Any CPU
		{6D18C01E-3FF2-42F9-85D9-B49FF541FCFA}.Release|Any CPU.ActiveCfg = Release|Any CPU
		{6D18C01E-3FF2-42F9-85D9-B49FF541FCFA}.Release|Any CPU.Build.0 = Release|Any CPU
		{B24A7730-8F5B-4D14-A9B3-05BC536FC2B7}.Debug|Any CPU.ActiveCfg = Debug|Any CPU
		{B24A7730-8F5B-4D14-A9B3-05BC536FC2B7}.Debug|Any CPU.Build.0 = Debug|Any CPU
		{B24A7730-8F5B-4D14-A9B3-05BC536FC2B7}.Release|Any CPU.ActiveCfg = Release|Any CPU
		{B24A7730-8F5B-4D14-A9B3-05BC536FC2B7}.Release|Any CPU.Build.0 = Release|Any CPU
		{4C28B470-E7D2-4CA1-B5A1-18B62FD196E8}.Debug|Any CPU.ActiveCfg = Debug|Any CPU
		{4C28B470-E7D2-4CA1-B5A1-18B62FD196E8}.Debug|Any CPU.Build.0 = Debug|Any CPU
		{4C28B470-E7D2-4CA1-B5A1-18B62FD196E8}.Release|Any CPU.ActiveCfg = Release|Any CPU
		{4C28B470-E7D2-4CA1-B5A1-18B62FD196E8}.Release|Any CPU.Build.0 = Release|Any CPU
	EndGlobalSection
	GlobalSection(SolutionProperties) = preSolution
		HideSolutionNode = FALSE
	EndGlobalSection
	GlobalSection(NestedProjects) = preSolution
		{9C30528E-3574-4F13-9E6C-0A349862149C} = {0EB5F80D-F740-4DE9-9945-8BA0E1734888}
		{36819692-8245-424A-8D6D-0CBDB02580DA} = {0EB5F80D-F740-4DE9-9945-8BA0E1734888}
		{C6B56DD0-0B06-4A34-95A4-CFEEF54163A6} = {0EB5F80D-F740-4DE9-9945-8BA0E1734888}
		{B84E4329-7740-480B-93F5-A9C43681E16D} = {0EB5F80D-F740-4DE9-9945-8BA0E1734888}
		{62AC7444-18F6-451D-9323-D233DBA489A0} = {36819692-8245-424A-8D6D-0CBDB02580DA}
		{542B12CE-C572-4C07-955F-214EC2A3FDC6} = {36819692-8245-424A-8D6D-0CBDB02580DA}
		{92E8C74E-66CE-4B31-810E-2A79E53913D5} = {C6B56DD0-0B06-4A34-95A4-CFEEF54163A6}
		{84A6F758-DD84-45D1-A820-EEFD83BE98AF} = {C6B56DD0-0B06-4A34-95A4-CFEEF54163A6}
		{A4C93E88-4B0B-4952-B709-AB4A48B5D79A} = {B84E4329-7740-480B-93F5-A9C43681E16D}
		{441FB9E5-2BAA-4272-B337-4B4C8454DA7F} = {E52E90F1-6637-4487-BDA1-64CB8443DB79}
		{6D18C01E-3FF2-42F9-85D9-B49FF541FCFA} = {E52E90F1-6637-4487-BDA1-64CB8443DB79}
		{B24A7730-8F5B-4D14-A9B3-05BC536FC2B7} = {9C30528E-3574-4F13-9E6C-0A349862149C}
		{4C28B470-E7D2-4CA1-B5A1-18B62FD196E8} = {C6B56DD0-0B06-4A34-95A4-CFEEF54163A6}
	EndGlobalSection
	GlobalSection(ExtensibilityGlobals) = postSolution
		SolutionGuid = {DEA71F07-8EC7-4828-A0B5-56ECA764136D}
	EndGlobalSection
EndGlobal
